# THIS IS AN AUTOGENERATED FILE. DO NOT EDIT THIS FILE DIRECTLY.
# yarn lockfile v1


store@^2.0.12:
  version "2.0.12"
  resolved "https://registry.yarnpkg.com/store/-/store-2.0.12.tgz#8c534e2a0b831f72b75fc5f1119857c44ef5d593"
  integrity sha1-jFNOKguDH3K3X8XxEZhXxE711ZM=

vue-router@^3.4.9:
  version "3.4.9"
  resolved "https://registry.yarnpkg.com/vue-router/-/vue-router-3.4.9.tgz#c016f42030ae2932f14e4748b39a1d9a0e250e66"
  integrity sha512-CGAKWN44RqXW06oC+u4mPgHLQQi2t6vLD/JbGRDAXm0YpMv0bgpKuU5bBd7AvMgfTz9kXVRIWKHqRwGEb8xFkA==

vuex@^3.6.0:
  version "3.6.0"
  resolved "https://registry.yarnpkg.com/vuex/-/vuex-3.6.0.tgz#95efa56a58f7607c135b053350833a09e01aa813"
  integrity sha512-W74OO2vCJPs9/YjNjW8lLbj+jzT24waTo2KShI8jLvJW8OaIkgb3wuAMA7D+ZiUxDOx3ubwSZTaJBip9G8a3aQ==
